
Microsoft Visual Studio Solution File, Format Version 11.00
# Visual Studio 2010
Project("{FAE04EC0-301F-11D3-BF4B-00C04F79EFBC}") = "Assembly-CSharp", "Assembly-CSharp.csproj", "{2EF6AF3A-32D4-A23B-5BBA-DF0BB5569FE3}"
EndProject
Project("{FAE04EC0-301F-11D3-BF4B-00C04F79EFBC}") = "Assembly-CSharp-Editor", "Assembly-CSharp-Editor.csproj", "{A7DBB1AB-AB78-318C-2CD7-4985153C6311}"
EndProject
Global
	GlobalSection(SolutionConfigurationPlatforms) = preSolution
		Debug|Any CPU = Debug|Any CPU
		Release|Any CPU = Release|Any CPU
	EndGlobalSection
	GlobalSection(ProjectConfigurationPlatforms) = postSolution
		{2EF6AF3A-32D4-A23B-5BBA-DF0BB5569FE3}.Debug|Any CPU.ActiveCfg = Debug|Any CPU
		{2EF6AF3A-32D4-A23B-5BBA-DF0BB5569FE3}.Debug|Any CPU.Build.0 = Debug|Any CPU
		{2EF6AF3A-32D4-A23B-5BBA-DF0BB5569FE3}.Release|Any CPU.ActiveCfg = Release|Any CPU
		{2EF6AF3A-32D4-A23B-5BBA-DF0BB5569FE3}.Release|Any CPU.Build.0 = Release|Any CPU
		{A7DBB1AB-AB78-318C-2CD7-4985153C6311}.Debug|Any CPU.ActiveCfg = Debug|Any CPU
		{A7DBB1AB-AB78-318C-2CD7-4985153C6311}.Debug|Any CPU.Build.0 = Debug|Any CPU
		{A7DBB1AB-AB78-318C-2CD7-4985153C6311}.Release|Any CPU.ActiveCfg = Release|Any CPU
		{A7DBB1AB-AB78-318C-2CD7-4985153C6311}.Release|Any CPU.Build.0 = Release|Any CPU
	EndGlobalSection
	GlobalSection(SolutionProperties) = preSolution
		HideSolutionNode = FALSE
	EndGlobalSection
EndGlobal
